
Microsoft Visual Studio Solution File, Format Version 12.00
# Visual Studio Version 16
VisualStudioVersion = 16.0.31129.286
MinimumVisualStudioVersion = 10.0.40219.1
Project("{FAE04EC0-301F-11D3-BF4B-00C04F79EFBC}") = "ApiCall", "Arbetsprov1\ApiCall.csproj", "{49936F82-92FE-45F9-9896-5B4C4904222A}"
EndProject
Global
	GlobalSection(SolutionConfigurationPlatforms) = preSolution
		Debug|Any CPU = Debug|Any CPU
		Release|Any CPU = Release|Any CPU
	EndGlobalSection
	GlobalSection(ProjectConfigurationPlatforms) = postSolution
		{49936F82-92FE-45F9-9896-5B4C4904222A}.Debug|Any CPU.ActiveCfg = Debug|Any CPU
		{49936F82-92FE-45F9-9896-5B4C4904222A}.Debug|Any CPU.Build.0 = Debug|Any CPU
		{49936F82-92FE-45F9-9896-5B4C4904222A}.Release|Any CPU.ActiveCfg = Release|Any CPU
		{49936F82-92FE-45F9-9896-5B4C4904222A}.Release|Any CPU.Build.0 = Release|Any CPU
	EndGlobalSection
	GlobalSection(SolutionProperties) = preSolution
		HideSolutionNode = FALSE
	EndGlobalSection
	GlobalSection(ExtensibilityGlobals) = postSolution
		SolutionGuid = {68239B76-5749-4486-95CF-A1E3F333F0C7}
	EndGlobalSection
EndGlobal
